// !$*UTF8*$!
{
	archiveVersion = 1;
	classes = {
	};
	objectVersion = 56;
	objects = {

/* Begin PBXBuildFile section */
		0001 /* JocoFitApp.swift in Sources */ = {isa = PBXBuildFile; fileRef = 1001 /* JocoFitApp.swift */; };
		0002 /* ContentView.swift in Sources */ = {isa = PBXBuildFile; fileRef = 1002 /* ContentView.swift */; };
		0003 /* Exercise.swift in Sources */ = {isa = PBXBuildFile; fileRef = 1003 /* Exercise.swift */; };
		0004 /* WorkoutMode.swift in Sources */ = {isa = PBXBuildFile; fileRef = 1004 /* WorkoutMode.swift */; };
		0005 /* WorkoutSession.swift in Sources */ = {isa = PBXBuildFile; fileRef = 1005 /* WorkoutSession.swift */; };
		0006 /* WorkoutTemplate.swift in Sources */ = {isa = PBXBuildFile; fileRef = 1006 /* WorkoutTemplate.swift */; };
		0007 /* WorkoutViewModel.swift in Sources */ = {isa = PBXBuildFile; fileRef = 1007 /* WorkoutViewModel.swift */; };
		0008 /* AuthViewModel.swift in Sources */ = {isa = PBXBuildFile; fileRef = 1008 /* AuthViewModel.swift */; };
		0009 /* HistoryViewModel.swift in Sources */ = {isa = PBXBuildFile; fileRef = 1009 /* HistoryViewModel.swift */; };
		0010 /* SupabaseService.swift in Sources */ = {isa = PBXBuildFile; fileRef = 1010 /* SupabaseService.swift */; };
		0011 /* Extensions.swift in Sources */ = {isa = PBXBuildFile; fileRef = 1011 /* Extensions.swift */; };
		0012 /* Constants.swift in Sources */ = {isa = PBXBuildFile; fileRef = 1012 /* Constants.swift */; };
		0013 /* LoginView.swift in Sources */ = {isa = PBXBuildFile; fileRef = 1013 /* LoginView.swift */; };
		0014 /* SignUpView.swift in Sources */ = {isa = PBXBuildFile; fileRef = 1014 /* SignUpView.swift */; };
		0015 /* HomeView.swift in Sources */ = {isa = PBXBuildFile; fileRef = 1015 /* HomeView.swift */; };
		0016 /* WorkoutSelectionView.swift in Sources */ = {isa = PBXBuildFile; fileRef = 1016 /* WorkoutSelectionView.swift */; };
		0017 /* CustomWorkoutBuilderView.swift in Sources */ = {isa = PBXBuildFile; fileRef = 1017 /* CustomWorkoutBuilderView.swift */; };
		0018 /* ActiveWorkoutView.swift in Sources */ = {isa = PBXBuildFile; fileRef = 1018 /* ActiveWorkoutView.swift */; };
		0019 /* WorkoutSummaryView.swift in Sources */ = {isa = PBXBuildFile; fileRef = 1019 /* WorkoutSummaryView.swift */; };
		0020 /* HistoryView.swift in Sources */ = {isa = PBXBuildFile; fileRef = 1020 /* HistoryView.swift */; };
		0021 /* SessionDetailView.swift in Sources */ = {isa = PBXBuildFile; fileRef = 1021 /* SessionDetailView.swift */; };
		0022 /* SettingsView.swift in Sources */ = {isa = PBXBuildFile; fileRef = 1022 /* SettingsView.swift */; };
		0023 /* Assets.xcassets in Resources */ = {isa = PBXBuildFile; fileRef = 1023 /* Assets.xcassets */; };
		0024 /* Preview Assets.xcassets in Resources */ = {isa = PBXBuildFile; fileRef = 1024 /* Preview Assets.xcassets */; };
		0025 /* Supabase in Frameworks */ = {isa = PBXBuildFile; productRef = 9001 /* Supabase */; };
		2CCCB2162F1C2B7800D9B0CD /* SyncService.swift in Sources */ = {isa = PBXBuildFile; fileRef = 2CCCB2152F1C2B7800D9B0CD /* SyncService.swift */; };
		2CCCB2172F1C2B7800D9B0CD /* LocalStorageService.swift in Sources */ = {isa = PBXBuildFile; fileRef = 2CCCB2142F1C2B7800D9B0CD /* LocalStorageService.swift */; };
/* End PBXBuildFile section */

/* Begin PBXFileReference section */
		1001 /* JocoFitApp.swift */ = {isa = PBXFileReference; lastKnownFileType = sourcecode.swift; path = JocoFitApp.swift; sourceTree = "<group>"; };
		1002 /* ContentView.swift */ = {isa = PBXFileReference; lastKnownFileType = sourcecode.swift; path = ContentView.swift; sourceTree = "<group>"; };
		1003 /* Exercise.swift */ = {isa = PBXFileReference; lastKnownFileType = sourcecode.swift; path = Exercise.swift; sourceTree = "<group>"; };
		1004 /* WorkoutMode.swift */ = {isa = PBXFileReference; lastKnownFileType = sourcecode.swift; path = WorkoutMode.swift; sourceTree = "<group>"; };
		1005 /* WorkoutSession.swift */ = {isa = PBXFileReference; lastKnownFileType = sourcecode.swift; path = WorkoutSession.swift; sourceTree = "<group>"; };
		1006 /* WorkoutTemplate.swift */ = {isa = PBXFileReference; lastKnownFileType = sourcecode.swift; path = WorkoutTemplate.swift; sourceTree = "<group>"; };
		1007 /* WorkoutViewModel.swift */ = {isa = PBXFileReference; lastKnownFileType = sourcecode.swift; path = WorkoutViewModel.swift; sourceTree = "<group>"; };
		1008 /* AuthViewModel.swift */ = {isa = PBXFileReference; lastKnownFileType = sourcecode.swift; path = AuthViewModel.swift; sourceTree = "<group>"; };
		1009 /* HistoryViewModel.swift */ = {isa = PBXFileReference; lastKnownFileType = sourcecode.swift; path = HistoryViewModel.swift; sourceTree = "<group>"; };
		1010 /* SupabaseService.swift */ = {isa = PBXFileReference; lastKnownFileType = sourcecode.swift; path = SupabaseService.swift; sourceTree = "<group>"; };
		1011 /* Extensions.swift */ = {isa = PBXFileReference; lastKnownFileType = sourcecode.swift; path = Extensions.swift; sourceTree = "<group>"; };
		1012 /* Constants.swift */ = {isa = PBXFileReference; lastKnownFileType = sourcecode.swift; path = Constants.swift; sourceTree = "<group>"; };
		1013 /* LoginView.swift */ = {isa = PBXFileReference; lastKnownFileType = sourcecode.swift; path = LoginView.swift; sourceTree = "<group>"; };
		1014 /* SignUpView.swift */ = {isa = PBXFileReference; lastKnownFileType = sourcecode.swift; path = SignUpView.swift; sourceTree = "<group>"; };
		1015 /* HomeView.swift */ = {isa = PBXFileReference; lastKnownFileType = sourcecode.swift; path = HomeView.swift; sourceTree = "<group>"; };
		1016 /* WorkoutSelectionView.swift */ = {isa = PBXFileReference; lastKnownFileType = sourcecode.swift; path = WorkoutSelectionView.swift; sourceTree = "<group>"; };
		1017 /* CustomWorkoutBuilderView.swift */ = {isa = PBXFileReference; lastKnownFileType = sourcecode.swift; path = CustomWorkoutBuilderView.swift; sourceTree = "<group>"; };
		1018 /* ActiveWorkoutView.swift */ = {isa = PBXFileReference; lastKnownFileType = sourcecode.swift; path = ActiveWorkoutView.swift; sourceTree = "<group>"; };
		1019 /* WorkoutSummaryView.swift */ = {isa = PBXFileReference; lastKnownFileType = sourcecode.swift; path = WorkoutSummaryView.swift; sourceTree = "<group>"; };
		1020 /* HistoryView.swift */ = {isa = PBXFileReference; lastKnownFileType = sourcecode.swift; path = HistoryView.swift; sourceTree = "<group>"; };
		1021 /* SessionDetailView.swift */ = {isa = PBXFileReference; lastKnownFileType = sourcecode.swift; path = SessionDetailView.swift; sourceTree = "<group>"; };
		1022 /* SettingsView.swift */ = {isa = PBXFileReference; lastKnownFileType = sourcecode.swift; path = SettingsView.swift; sourceTree = "<group>"; };
		1023 /* Assets.xcassets */ = {isa = PBXFileReference; lastKnownFileType = folder.assetcatalog; path = Assets.xcassets; sourceTree = "<group>"; };
		1024 /* Preview Assets.xcassets */ = {isa = PBXFileReference; lastKnownFileType = folder.assetcatalog; path = "Preview Assets.xcassets"; sourceTree = "<group>"; };
		1025 /* JocoFit.entitlements */ = {isa = PBXFileReference; lastKnownFileType = text.plist.entitlements; path = JocoFit.entitlements; sourceTree = "<group>"; };
		2001 /* JocoFit.app */ = {isa = PBXFileReference; explicitFileType = wrapper.application; includeInIndex = 0; path = JocoFit.app; sourceTree = BUILT_PRODUCTS_DIR; };
		2CCCB2142F1C2B7800D9B0CD /* LocalStorageService.swift */ = {isa = PBXFileReference; lastKnownFileType = sourcecode.swift; path = LocalStorageService.swift; sourceTree = "<group>"; };
		2CCCB2152F1C2B7800D9B0CD /* SyncService.swift */ = {isa = PBXFileReference; lastKnownFileType = sourcecode.swift; path = SyncService.swift; sourceTree = "<group>"; };
/* End PBXFileReference section */

/* Begin PBXFrameworksBuildPhase section */
		3001 /* Frameworks */ = {
			isa = PBXFrameworksBuildPhase;
			buildActionMask = 2147483647;
			files = (
				0025 /* Supabase in Frameworks */,
			);
			runOnlyForDeploymentPostprocessing = 0;
		};
/* End PBXFrameworksBuildPhase section */

/* Begin PBXGroup section */
		4001 = {
			isa = PBXGroup;
			children = (
				4002 /* JocoFit */,
				4003 /* Products */,
			);
			sourceTree = "<group>";
		};
		4002 /* JocoFit */ = {
			isa = PBXGroup;
			children = (
				1025 /* JocoFit.entitlements */,
				4004 /* App */,
				4005 /* Models */,
				4006 /* ViewModels */,
				4007 /* Views */,
				4008 /* Services */,
				4009 /* Utilities */,
				4010 /* Resources */,
				4011 /* Preview Content */,
			);
			path = JocoFit;
			sourceTree = "<group>";
		};
		4003 /* Products */ = {
			isa = PBXGroup;
			children = (
				2001 /* JocoFit.app */,
			);
			name = Products;
			sourceTree = "<group>";
		};
		4004 /* App */ = {
			isa = PBXGroup;
			children = (
				1001 /* JocoFitApp.swift */,
				1002 /* ContentView.swift */,
			);
			path = App;
			sourceTree = "<group>";
		};
		4005 /* Models */ = {
			isa = PBXGroup;
			children = (
				1003 /* Exercise.swift */,
				1004 /* WorkoutMode.swift */,
				1005 /* WorkoutSession.swift */,
				1006 /* WorkoutTemplate.swift */,
			);
			path = Models;
			sourceTree = "<group>";
		};
		4006 /* ViewModels */ = {
			isa = PBXGroup;
			children = (
				1007 /* WorkoutViewModel.swift */,
				1008 /* AuthViewModel.swift */,
				1009 /* HistoryViewModel.swift */,
			);
			path = ViewModels;
			sourceTree = "<group>";
		};
		4007 /* Views */ = {
			isa = PBXGroup;
			children = (
				4012 /* Auth */,
				4013 /* Home */,
				4014 /* Workouts */,
				4015 /* History */,
				4016 /* Settings */,
			);
			path = Views;
			sourceTree = "<group>";
		};
		4008 /* Services */ = {
			isa = PBXGroup;
			children = (
				2CCCB2142F1C2B7800D9B0CD /* LocalStorageService.swift */,
				2CCCB2152F1C2B7800D9B0CD /* SyncService.swift */,
				1010 /* SupabaseService.swift */,
			);
			path = Services;
			sourceTree = "<group>";
		};
		4009 /* Utilities */ = {
			isa = PBXGroup;
			children = (
				1011 /* Extensions.swift */,
				1012 /* Constants.swift */,
			);
			path = Utilities;
			sourceTree = "<group>";
		};
		4010 /* Resources */ = {
			isa = PBXGroup;
			children = (
				1023 /* Assets.xcassets */,
			);
			path = Resources;
			sourceTree = "<group>";
		};
		4011 /* Preview Content */ = {
			isa = PBXGroup;
			children = (
				1024 /* Preview Assets.xcassets */,
			);
			path = "Preview Content";
			sourceTree = "<group>";
		};
		4012 /* Auth */ = {
			isa = PBXGroup;
			children = (
				1013 /* LoginView.swift */,
				1014 /* SignUpView.swift */,
			);
			path = Auth;
			sourceTree = "<group>";
		};
		4013 /* Home */ = {
			isa = PBXGroup;
			children = (
				1015 /* HomeView.swift */,
			);
			path = Home;
			sourceTree = "<group>";
		};
		4014 /* Workouts */ = {
			isa = PBXGroup;
			children = (
				1016 /* WorkoutSelectionView.swift */,
				1017 /* CustomWorkoutBuilderView.swift */,
				1018 /* ActiveWorkoutView.swift */,
				1019 /* WorkoutSummaryView.swift */,
			);
			path = Workouts;
			sourceTree = "<group>";
		};
		4015 /* History */ = {
			isa = PBXGroup;
			children = (
				1020 /* HistoryView.swift */,
				1021 /* SessionDetailView.swift */,
			);
			path = History;
			sourceTree = "<group>";
		};
		4016 /* Settings */ = {
			isa = PBXGroup;
			children = (
				1022 /* SettingsView.swift */,
			);
			path = Settings;
			sourceTree = "<group>";
		};
/* End PBXGroup section */

/* Begin PBXNativeTarget section */
		5001 /* JocoFit */ = {
			isa = PBXNativeTarget;
			buildConfigurationList = 7001 /* Build configuration list for PBXNativeTarget "JocoFit" */;
			buildPhases = (
				5002 /* Sources */,
				3001 /* Frameworks */,
				5003 /* Resources */,
			);
			buildRules = (
			);
			dependencies = (
			);
			name = JocoFit;
			packageProductDependencies = (
				9001 /* Supabase */,
			);
			productName = JocoFit;
			productReference = 2001 /* JocoFit.app */;
			productType = "com.apple.product-type.application";
		};
/* End PBXNativeTarget section */

/* Begin PBXProject section */
		6001 /* Project object */ = {
			isa = PBXProject;
			attributes = {
				BuildIndependentTargetsInParallel = 1;
				LastSwiftUpdateCheck = 1500;
				LastUpgradeCheck = 1500;
				TargetAttributes = {
					5001 = {
						CreatedOnToolsVersion = 15.0;
					};
				};
			};
			buildConfigurationList = 7002 /* Build configuration list for PBXProject "JocoFit" */;
			compatibilityVersion = "Xcode 14.0";
			developmentRegion = en;
			hasScannedForEncodings = 0;
			knownRegions = (
				en,
				Base,
			);
			mainGroup = 4001;
			packageReferences = (
				8001 /* XCRemoteSwiftPackageReference "supabase-swift" */,
			);
			productRefGroup = 4003 /* Products */;
			projectDirPath = "";
			projectRoot = "";
			targets = (
				5001 /* JocoFit */,
			);
		};
/* End PBXProject section */

/* Begin PBXResourcesBuildPhase section */
		5003 /* Resources */ = {
			isa = PBXResourcesBuildPhase;
			buildActionMask = 2147483647;
			files = (
				0023 /* Assets.xcassets in Resources */,
				0024 /* Preview Assets.xcassets in Resources */,
			);
			runOnlyForDeploymentPostprocessing = 0;
		};
/* End PBXResourcesBuildPhase section */

/* Begin PBXSourcesBuildPhase section */
		5002 /* Sources */ = {
			isa = PBXSourcesBuildPhase;
			buildActionMask = 2147483647;
			files = (
				0001 /* JocoFitApp.swift in Sources */,
				0002 /* ContentView.swift in Sources */,
				0003 /* Exercise.swift in Sources */,
				0004 /* WorkoutMode.swift in Sources */,
				0005 /* WorkoutSession.swift in Sources */,
				2CCCB2162F1C2B7800D9B0CD /* SyncService.swift in Sources */,
				2CCCB2172F1C2B7800D9B0CD /* LocalStorageService.swift in Sources */,
				0006 /* WorkoutTemplate.swift in Sources */,
				0007 /* WorkoutViewModel.swift in Sources */,
				0008 /* AuthViewModel.swift in Sources */,
				0009 /* HistoryViewModel.swift in Sources */,
				0010 /* SupabaseService.swift in Sources */,
				0011 /* Extensions.swift in Sources */,
				0012 /* Constants.swift in Sources */,
				0013 /* LoginView.swift in Sources */,
				0014 /* SignUpView.swift in Sources */,
				0015 /* HomeView.swift in Sources */,
				0016 /* WorkoutSelectionView.swift in Sources */,
				0017 /* CustomWorkoutBuilderView.swift in Sources */,
				0018 /* ActiveWorkoutView.swift in Sources */,
				0019 /* WorkoutSummaryView.swift in Sources */,
				0020 /* HistoryView.swift in Sources */,
				0021 /* SessionDetailView.swift in Sources */,
				0022 /* SettingsView.swift in Sources */,
			);
			runOnlyForDeploymentPostprocessing = 0;
		};
/* End PBXSourcesBuildPhase section */

/* Begin XCBuildConfiguration section */
		6002 /* Debug */ = {
			isa = XCBuildConfiguration;
			buildSettings = {
				ALWAYS_SEARCH_USER_PATHS = NO;
				ASSETCATALOG_COMPILER_GENERATE_SWIFT_ASSET_SYMBOL_EXTENSIONS = YES;
				CLANG_ANALYZER_NONNULL = YES;
				CLANG_ANALYZER_NUMBER_OBJECT_CONVERSION = YES_AGGRESSIVE;
				CLANG_CXX_LANGUAGE_STANDARD = "gnu++20";
				CLANG_ENABLE_MODULES = YES;
				CLANG_ENABLE_OBJC_ARC = YES;
				CLANG_ENABLE_OBJC_WEAK = YES;
				CLANG_WARN_BLOCK_CAPTURE_AUTORELEASING = YES;
				CLANG_WARN_BOOL_CONVERSION = YES;
				CLANG_WARN_COMMA = YES;
				CLANG_WARN_CONSTANT_CONVERSION = YES;
				CLANG_WARN_DEPRECATED_OBJC_IMPLEMENTATIONS = YES;
				CLANG_WARN_DIRECT_OBJC_ISA_USAGE = YES_ERROR;
				CLANG_WARN_DOCUMENTATION_COMMENTS = YES;
				CLANG_WARN_EMPTY_BODY = YES;
				CLANG_WARN_ENUM_CONVERSION = YES;
				CLANG_WARN_INFINITE_RECURSION = YES;
				CLANG_WARN_INT_CONVERSION = YES;
				CLANG_WARN_NON_LITERAL_NULL_CONVERSION = YES;
				CLANG_WARN_OBJC_IMPLICIT_RETAIN_SELF = YES;
				CLANG_WARN_OBJC_LITERAL_CONVERSION = YES;
				CLANG_WARN_OBJC_ROOT_CLASS = YES_ERROR;
				CLANG_WARN_QUOTED_INCLUDE_IN_FRAMEWORK_HEADER = YES;
				CLANG_WARN_RANGE_LOOP_ANALYSIS = YES;
				CLANG_WARN_STRICT_PROTOTYPES = YES;
				CLANG_WARN_SUSPICIOUS_MOVE = YES;
				CLANG_WARN_UNGUARDED_AVAILABILITY = YES_AGGRESSIVE;
				CLANG_WARN_UNREACHABLE_CODE = YES;
				CLANG_WARN__DUPLICATE_METHOD_MATCH = YES;
				COPY_PHASE_STRIP = NO;
				DEBUG_INFORMATION_FORMAT = dwarf;
				ENABLE_STRICT_OBJC_MSGSEND = YES;
				ENABLE_TESTABILITY = YES;
				ENABLE_USER_SCRIPT_SANDBOXING = YES;
				GCC_C_LANGUAGE_STANDARD = gnu17;
				GCC_DYNAMIC_NO_PIC = NO;
				GCC_NO_COMMON_BLOCKS = YES;
				GCC_OPTIMIZATION_LEVEL = 0;
				GCC_PREPROCESSOR_DEFINITIONS = (
					"DEBUG=1",
					"$(inherited)",
				);
				GCC_WARN_64_TO_32_BIT_CONVERSION = YES;
				GCC_WARN_ABOUT_RETURN_TYPE = YES_ERROR;
				GCC_WARN_UNDECLARED_SELECTOR = YES;
				GCC_WARN_UNINITIALIZED_AUTOS = YES_AGGRESSIVE;
				GCC_WARN_UNUSED_FUNCTION = YES;
				GCC_WARN_UNUSED_VARIABLE = YES;
				IPHONEOS_DEPLOYMENT_TARGET = 17.0;
				LOCALIZATION_PREFERS_STRING_CATALOGS = YES;
				MTL_ENABLE_DEBUG_INFO = INCLUDE_SOURCE;
				MTL_FAST_MATH = YES;
				ONLY_ACTIVE_ARCH = YES;
				SDKROOT = iphoneos;
				SWIFT_ACTIVE_COMPILATION_CONDITIONS = "DEBUG $(inherited)";
				SWIFT_OPTIMIZATION_LEVEL = "-Onone";
			};
			name = Debug;
		};
		6003 /* Release */ = {
			isa = XCBuildConfiguration;
			buildSettings = {
				ALWAYS_SEARCH_USER_PATHS = NO;
				ASSETCATALOG_COMPILER_GENERATE_SWIFT_ASSET_SYMBOL_EXTENSIONS = YES;
				CLANG_ANALYZER_NONNULL = YES;
				CLANG_ANALYZER_NUMBER_OBJECT_CONVERSION = YES_AGGRESSIVE;
				CLANG_CXX_LANGUAGE_STANDARD = "gnu++20";
				CLANG_ENABLE_MODULES = YES;
				CLANG_ENABLE_OBJC_ARC = YES;
				CLANG_ENABLE_OBJC_WEAK = YES;
				CLANG_WARN_BLOCK_CAPTURE_AUTORELEASING = YES;
				CLANG_WARN_BOOL_CONVERSION = YES;
				CLANG_WARN_COMMA = YES;
				CLANG_WARN_CONSTANT_CONVERSION = YES;
				CLANG_WARN_DEPRECATED_OBJC_IMPLEMENTATIONS = YES;
				CLANG_WARN_DIRECT_OBJC_ISA_USAGE = YES_ERROR;
				CLANG_WARN_DOCUMENTATION_COMMENTS = YES;
				CLANG_WARN_EMPTY_BODY = YES;
				CLANG_WARN_ENUM_CONVERSION = YES;
				CLANG_WARN_INFINITE_RECURSION = YES;
				CLANG_WARN_INT_CONVERSION = YES;
				CLANG_WARN_NON_LITERAL_NULL_CONVERSION = YES;
				CLANG_WARN_OBJC_IMPLICIT_RETAIN_SELF = YES;
				CLANG_WARN_OBJC_LITERAL_CONVERSION = YES;
				CLANG_WARN_OBJC_ROOT_CLASS = YES_ERROR;
				CLANG_WARN_QUOTED_INCLUDE_IN_FRAMEWORK_HEADER = YES;
				CLANG_WARN_RANGE_LOOP_ANALYSIS = YES;
				CLANG_WARN_STRICT_PROTOTYPES = YES;
				CLANG_WARN_SUSPICIOUS_MOVE = YES;
				CLANG_WARN_UNGUARDED_AVAILABILITY = YES_AGGRESSIVE;
				CLANG_WARN_UNREACHABLE_CODE = YES;
				CLANG_WARN__DUPLICATE_METHOD_MATCH = YES;
				COPY_PHASE_STRIP = NO;
				DEBUG_INFORMATION_FORMAT = "dwarf-with-dsym";
				ENABLE_NS_ASSERTIONS = NO;
				ENABLE_STRICT_OBJC_MSGSEND = YES;
				ENABLE_USER_SCRIPT_SANDBOXING = YES;
				GCC_C_LANGUAGE_STANDARD = gnu17;
				GCC_NO_COMMON_BLOCKS = YES;
				GCC_WARN_64_TO_32_BIT_CONVERSION = YES;
				GCC_WARN_ABOUT_RETURN_TYPE = YES_ERROR;
				GCC_WARN_UNDECLARED_SELECTOR = YES;
				GCC_WARN_UNINITIALIZED_AUTOS = YES_AGGRESSIVE;
				GCC_WARN_UNUSED_FUNCTION = YES;
				GCC_WARN_UNUSED_VARIABLE = YES;
				IPHONEOS_DEPLOYMENT_TARGET = 17.0;
				LOCALIZATION_PREFERS_STRING_CATALOGS = YES;
				MTL_ENABLE_DEBUG_INFO = NO;
				MTL_FAST_MATH = YES;
				SDKROOT = iphoneos;
				SWIFT_COMPILATION_MODE = wholemodule;
				VALIDATE_PRODUCT = YES;
			};
			name = Release;
		};
		6004 /* Debug */ = {
			isa = XCBuildConfiguration;
			buildSettings = {
				ASSETCATALOG_COMPILER_APPICON_NAME = AppIcon;
				ASSETCATALOG_COMPILER_GLOBAL_ACCENT_COLOR_NAME = AccentColor;
				CODE_SIGN_ENTITLEMENTS = JocoFit/JocoFit.entitlements;
				CODE_SIGN_STYLE = Automatic;
				CURRENT_PROJECT_VERSION = 1;
				DEVELOPMENT_ASSET_PATHS = "\"JocoFit/Preview Content\"";
				DEVELOPMENT_TEAM = MH534KL6R2;
				ENABLE_PREVIEWS = YES;
				GENERATE_INFOPLIST_FILE = YES;
				INFOPLIST_KEY_UIApplicationSceneManifest_Generation = YES;
				INFOPLIST_KEY_UIApplicationSupportsIndirectInputEvents = YES;
				INFOPLIST_KEY_UILaunchScreen_Generation = YES;
				INFOPLIST_KEY_UISupportedInterfaceOrientations_iPad = "UIInterfaceOrientationPortrait UIInterfaceOrientationPortraitUpsideDown UIInterfaceOrientationLandscapeLeft UIInterfaceOrientationLandscapeRight";
				INFOPLIST_KEY_UISupportedInterfaceOrientations_iPhone = "UIInterfaceOrientationPortrait UIInterfaceOrientationLandscapeLeft UIInterfaceOrientationLandscapeRight";
				LD_RUNPATH_SEARCH_PATHS = (
					"$(inherited)",
					"@executable_path/Frameworks",
				);
				MARKETING_VERSION = 1.0;
				PRODUCT_BUNDLE_IDENTIFIER = com.jocodigital.JocoFit;
				PRODUCT_NAME = "$(TARGET_NAME)";
				SWIFT_EMIT_LOC_STRINGS = YES;
				SWIFT_VERSION = 5.0;
				TARGETED_DEVICE_FAMILY = "1,2";
			};
			name = Debug;
		};
		6005 /* Release */ = {
			isa = XCBuildConfiguration;
			buildSettings = {
				ASSETCATALOG_COMPILER_APPICON_NAME = AppIcon;
				ASSETCATALOG_COMPILER_GLOBAL_ACCENT_COLOR_NAME = AccentColor;
				CODE_SIGN_ENTITLEMENTS = JocoFit/JocoFit.entitlements;
				CODE_SIGN_STYLE = Automatic;
				CURRENT_PROJECT_VERSION = 1;
				DEVELOPMENT_ASSET_PATHS = "\"JocoFit/Preview Content\"";
				DEVELOPMENT_TEAM = MH534KL6R2;
				ENABLE_PREVIEWS = YES;
				GENERATE_INFOPLIST_FILE = YES;
				INFOPLIST_KEY_UIApplicationSceneManifest_Generation = YES;
				INFOPLIST_KEY_UIApplicationSupportsIndirectInputEvents = YES;
				INFOPLIST_KEY_UILaunchScreen_Generation = YES;
				INFOPLIST_KEY_UISupportedInterfaceOrientations_iPad = "UIInterfaceOrientationPortrait UIInterfaceOrientationPortraitUpsideDown UIInterfaceOrientationLandscapeLeft UIInterfaceOrientationLandscapeRight";
				INFOPLIST_KEY_UISupportedInterfaceOrientations_iPhone = "UIInterfaceOrientationPortrait UIInterfaceOrientationLandscapeLeft UIInterfaceOrientationLandscapeRight";
				LD_RUNPATH_SEARCH_PATHS = (
					"$(inherited)",
					"@executable_path/Frameworks",
				);
				MARKETING_VERSION = 1.0;
				PRODUCT_BUNDLE_IDENTIFIER = com.jocodigital.JocoFit;
				PRODUCT_NAME = "$(TARGET_NAME)";
				SWIFT_EMIT_LOC_STRINGS = YES;
				SWIFT_VERSION = 5.0;
				TARGETED_DEVICE_FAMILY = "1,2";
			};
			name = Release;
		};
/* End XCBuildConfiguration section */

/* Begin XCConfigurationList section */
		7001 /* Build configuration list for PBXNativeTarget "JocoFit" */ = {
			isa = XCConfigurationList;
			buildConfigurations = (
				6004 /* Debug */,
				6005 /* Release */,
			);
			defaultConfigurationIsVisible = 0;
			defaultConfigurationName = Release;
		};
		7002 /* Build configuration list for PBXProject "JocoFit" */ = {
			isa = XCConfigurationList;
			buildConfigurations = (
				6002 /* Debug */,
				6003 /* Release */,
			);
			defaultConfigurationIsVisible = 0;
			defaultConfigurationName = Release;
		};
/* End XCConfigurationList section */

/* Begin XCRemoteSwiftPackageReference section */
		8001 /* XCRemoteSwiftPackageReference "supabase-swift" */ = {
			isa = XCRemoteSwiftPackageReference;
			repositoryURL = "https://github.com/supabase/supabase-swift";
			requirement = {
				kind = upToNextMajorVersion;
				minimumVersion = 2.0.0;
			};
		};
/* End XCRemoteSwiftPackageReference section */

/* Begin XCSwiftPackageProductDependency section */
		9001 /* Supabase */ = {
			isa = XCSwiftPackageProductDependency;
			package = 8001 /* XCRemoteSwiftPackageReference "supabase-swift" */;
			productName = Supabase;
		};
/* End XCSwiftPackageProductDependency section */
	};
	rootObject = 6001 /* Project object */;
}
